
Microsoft Visual Studio Solution File, Format Version 12.00
# Visual Studio 15
VisualStudioVersion = 15.0.28307.960
MinimumVisualStudioVersion = 10.0.40219.1
Project("{FAE04EC0-301F-11D3-BF4B-00C04F79EFBC}") = "ClothesShop", "ClothesShop\ClothesShop.csproj", "{ABF0987F-9C5E-4FA9-9512-C5B1494442AA}"
EndProject
Project("{FAE04EC0-301F-11D3-BF4B-00C04F79EFBC}") = "Model", "Model\Model.csproj", "{203C0D43-B287-4BED-990A-A0ABC9A46AD9}"
EndProject
Project("{FAE04EC0-301F-11D3-BF4B-00C04F79EFBC}") = "Common", "Common\Common.csproj", "{6C8CFD82-FF56-4AB4-B1A3-68CC8F6ED85E}"
EndProject
Global
	GlobalSection(SolutionConfigurationPlatforms) = preSolution
		Debug|Any CPU = Debug|Any CPU
		Release|Any CPU = Release|Any CPU
	EndGlobalSection
	GlobalSection(ProjectConfigurationPlatforms) = postSolution
		{ABF0987F-9C5E-4FA9-9512-C5B1494442AA}.Debug|Any CPU.ActiveCfg = Debug|Any CPU
		{ABF0987F-9C5E-4FA9-9512-C5B1494442AA}.Debug|Any CPU.Build.0 = Debug|Any CPU
		{ABF0987F-9C5E-4FA9-9512-C5B1494442AA}.Release|Any CPU.ActiveCfg = Release|Any CPU
		{ABF0987F-9C5E-4FA9-9512-C5B1494442AA}.Release|Any CPU.Build.0 = Release|Any CPU
		{203C0D43-B287-4BED-990A-A0ABC9A46AD9}.Debug|Any CPU.ActiveCfg = Debug|Any CPU
		{203C0D43-B287-4BED-990A-A0ABC9A46AD9}.Debug|Any CPU.Build.0 = Debug|Any CPU
		{203C0D43-B287-4BED-990A-A0ABC9A46AD9}.Release|Any CPU.ActiveCfg = Release|Any CPU
		{203C0D43-B287-4BED-990A-A0ABC9A46AD9}.Release|Any CPU.Build.0 = Release|Any CPU
		{6C8CFD82-FF56-4AB4-B1A3-68CC8F6ED85E}.Debug|Any CPU.ActiveCfg = Debug|Any CPU
		{6C8CFD82-FF56-4AB4-B1A3-68CC8F6ED85E}.Debug|Any CPU.Build.0 = Debug|Any CPU
		{6C8CFD82-FF56-4AB4-B1A3-68CC8F6ED85E}.Release|Any CPU.ActiveCfg = Release|Any CPU
		{6C8CFD82-FF56-4AB4-B1A3-68CC8F6ED85E}.Release|Any CPU.Build.0 = Release|Any CPU
	EndGlobalSection
	GlobalSection(SolutionProperties) = preSolution
		HideSolutionNode = FALSE
	EndGlobalSection
	GlobalSection(ExtensibilityGlobals) = postSolution
		SolutionGuid = {F1E510C8-D99E-4FD7-B166-88C2D5055783}
	EndGlobalSection
EndGlobal
